
Microsoft Visual Studio Solution File, Format Version 12.00
# Visual Studio Version 16
VisualStudioVersion = 16.0.29519.87
MinimumVisualStudioVersion = 10.0.40219.1
Project("{FAE04EC0-301F-11D3-BF4B-00C04F79EFBC}") = "fashion-shop", "fashion-shop\fashion-shop.csproj", "{EC2EB6FC-F88D-459D-BC62-DD3C54311169}"
EndProject
Global
	GlobalSection(SolutionConfigurationPlatforms) = preSolution
		Debug|Any CPU = Debug|Any CPU
		Release|Any CPU = Release|Any CPU
	EndGlobalSection
	GlobalSection(ProjectConfigurationPlatforms) = postSolution
		{EC2EB6FC-F88D-459D-BC62-DD3C54311169}.Debug|Any CPU.ActiveCfg = Debug|Any CPU
		{EC2EB6FC-F88D-459D-BC62-DD3C54311169}.Debug|Any CPU.Build.0 = Debug|Any CPU
		{EC2EB6FC-F88D-459D-BC62-DD3C54311169}.Release|Any CPU.ActiveCfg = Release|Any CPU
		{EC2EB6FC-F88D-459D-BC62-DD3C54311169}.Release|Any CPU.Build.0 = Release|Any CPU
	EndGlobalSection
	GlobalSection(SolutionProperties) = preSolution
		HideSolutionNode = FALSE
	EndGlobalSection
	GlobalSection(ExtensibilityGlobals) = postSolution
		SolutionGuid = {DB486E5C-6E8D-4DA4-8C59-8A1ABDC0276F}
	EndGlobalSection
EndGlobal
